
Microsoft Visual Studio Solution File, Format Version 12.00
# Visual Studio Version 16
VisualStudioVersion = 16.0.30717.126
MinimumVisualStudioVersion = 10.0.40219.1
Project("{9A19103F-16F7-4668-BE54-9A1E7A4F7556}") = "Gateway", "Gateway\Gateway.csproj", "{DE383941-8A1B-47D3-B811-CC0EFB8B5E5E}"
EndProject
Project("{9A19103F-16F7-4668-BE54-9A1E7A4F7556}") = "APIOne", "APIOne\APIOne.csproj", "{A9363481-4CA6-49B7-927C-AC4EC5376A2E}"
EndProject
Project("{9A19103F-16F7-4668-BE54-9A1E7A4F7556}") = "APITwo", "APITwo\APITwo.csproj", "{5A1AE447-A98C-43E4-AE12-37E73639AD2F}"
EndProject
Project("{9A19103F-16F7-4668-BE54-9A1E7A4F7556}") = "GrpcService1", "GrpcService1\GrpcService1.csproj", "{DB55A802-304A-4F51-8998-319CA665AF04}"
EndProject
Project("{FAE04EC0-301F-11D3-BF4B-00C04F79EFBC}") = "RabbitSend", "RabbitSend\RabbitSend.csproj", "{91CEB3C4-A5C1-49BC-ABA7-29A929C05389}"
EndProject
Project("{FAE04EC0-301F-11D3-BF4B-00C04F79EFBC}") = "RabbitConsumer", "RabbitConsumer\RabbitConsumer.csproj", "{664DAD8D-14E2-426A-B811-C5F3B45C1BBA}"
EndProject
Project("{2150E333-8FDC-42A3-9474-1A3956D46DE8}") = "API", "API", "{719DCB8F-16BD-4181-82DD-4F3AD1DFBFC5}"
EndProject
Project("{9A19103F-16F7-4668-BE54-9A1E7A4F7556}") = "TestClient", "TestClient\TestClient.csproj", "{D49B03E1-0083-48AB-97E3-B98923DC2D99}"
EndProject
Project("{9A19103F-16F7-4668-BE54-9A1E7A4F7556}") = "Common", "Common\Common.csproj", "{CDE1082B-5ADB-4930-B171-36EB546FF933}"
EndProject
Project("{9A19103F-16F7-4668-BE54-9A1E7A4F7556}") = "WorkerService1", "WorkerService1\WorkerService1.csproj", "{B52B7F3F-C113-4BD9-A418-6F9F245A8258}"
EndProject
Project("{9A19103F-16F7-4668-BE54-9A1E7A4F7556}") = "CookieBlazor", "CookieBlazor\CookieBlazor.csproj", "{5F474523-2620-4040-B09A-EE0D15A64339}"
EndProject
Project("{9A19103F-16F7-4668-BE54-9A1E7A4F7556}") = "CookieAPI", "CookieAPI\CookieAPI.csproj", "{A1B425F0-6A74-46AD-B0BB-16A8B6CC00A3}"
EndProject
Project("{9A19103F-16F7-4668-BE54-9A1E7A4F7556}") = "TimerTest", "TimerTest\TimerTest.csproj", "{01764C18-EED3-4BFA-8E34-5EA9C30C2D44}"
EndProject
Project("{9A19103F-16F7-4668-BE54-9A1E7A4F7556}") = "Generic Repository Example", "Generic Repository Example\Generic Repository Example.csproj", "{90AAF6BC-0011-4EBF-B684-F3B7BDED2586}"
EndProject
Project("{9A19103F-16F7-4668-BE54-9A1E7A4F7556}") = "SignalRServer", "SignalRServer\SignalRServer.csproj", "{573E0185-10BA-4456-BF4B-7CC88CA76BA5}"
EndProject
Project("{9A19103F-16F7-4668-BE54-9A1E7A4F7556}") = "SignalClient", "SignalClient\SignalClient.csproj", "{C7D3A921-9E7F-453D-B456-A3FEA8F94FE3}"
EndProject
Project("{FAE04EC0-301F-11D3-BF4B-00C04F79EFBC}") = "ServiceSample", "ServiceSample\ServiceSample.csproj", "{0589F16C-18F2-4115-B6A9-F43285AF7490}"
EndProject
Project("{9A19103F-16F7-4668-BE54-9A1E7A4F7556}") = "GAPI2", "GAPI2\GAPI2.csproj", "{2F300CFC-CFAC-422A-8406-E47113942C06}"
EndProject
Project("{9A19103F-16F7-4668-BE54-9A1E7A4F7556}") = "MailKitSender", "MailKitSender\MailKitSender.csproj", "{9CA51447-FAFA-4686-9F90-CD421941AE76}"
EndProject
Project("{9A19103F-16F7-4668-BE54-9A1E7A4F7556}") = "GRPcClient", "GRPcClient\GRPcClient.csproj", "{AD5EB384-63BA-4F9E-B26F-B4480EA4EB34}"
EndProject
Project("{9A19103F-16F7-4668-BE54-9A1E7A4F7556}") = "GRPcContracts", "GRPcContracts\GRPcContracts.csproj", "{4A537FBF-E524-4888-8682-BF6B2335F516}"
EndProject
Project("{9A19103F-16F7-4668-BE54-9A1E7A4F7556}") = "SignalRBackend", "SignalRBackend\SignalRBackend.csproj", "{24F73431-7AB2-4DAF-A9CE-3C4D5DA57199}"
EndProject
Project("{9A19103F-16F7-4668-BE54-9A1E7A4F7556}") = "SignalRClient", "SignalRClient\SignalRClient.csproj", "{65877E3F-3515-4D6D-843E-BBFAC23315BD}"
EndProject
Project("{9A19103F-16F7-4668-BE54-9A1E7A4F7556}") = "BlazorClient", "BlazorClient\BlazorClient.csproj", "{8A71DECB-E79C-4E47-996E-4D27F8F3F00B}"
EndProject
Project("{9A19103F-16F7-4668-BE54-9A1E7A4F7556}") = "BlazorAppAuth", "BlazorAppAuth\BlazorAppAuth.csproj", "{3717300D-961E-4672-872A-6A39B3241364}"
EndProject
Project("{9A19103F-16F7-4668-BE54-9A1E7A4F7556}") = "CustomAuthenticationFilter", "CustomAuthenticationFilter\CustomAuthenticationFilter.csproj", "{22343B3A-A681-4F7F-A3FB-0AC2CB4B3196}"
EndProject
Project("{FAE04EC0-301F-11D3-BF4B-00C04F79EFBC}") = "BlazorNotifications", "BlazorNotifications\BlazorNotifications.csproj", "{EB22EEB1-1BAF-4932-AE02-A36AC747F5DF}"
EndProject
Project("{9A19103F-16F7-4668-BE54-9A1E7A4F7556}") = "Permutrations", "Permutrations\Permutrations.csproj", "{A65AD4D0-2669-4176-9755-D00E86722321}"
EndProject
Project("{9A19103F-16F7-4668-BE54-9A1E7A4F7556}") = "JWTAuthTest", "JWTAuthTest\JWTAuthTest.csproj", "{A06DF8A8-99EF-46F9-A63C-7146BBF5500F}"
EndProject
Project("{9A19103F-16F7-4668-BE54-9A1E7A4F7556}") = "JWTAuthTestAPI", "JWTAuthTestAPI\JWTAuthTestAPI.csproj", "{06ACC662-E2D4-4C20-8202-F8B68F4A5240}"
EndProject
Project("{FAE04EC0-301F-11D3-BF4B-00C04F79EFBC}") = "LDAP", "LDAP\LDAP.csproj", "{BC28E993-9FF0-4AB1-9CC7-E05881F3868C}"
EndProject
Global
	GlobalSection(SolutionConfigurationPlatforms) = preSolution
		Debug|Any CPU = Debug|Any CPU
		Release|Any CPU = Release|Any CPU
	EndGlobalSection
	GlobalSection(ProjectConfigurationPlatforms) = postSolution
		{DE383941-8A1B-47D3-B811-CC0EFB8B5E5E}.Debug|Any CPU.ActiveCfg = Debug|Any CPU
		{DE383941-8A1B-47D3-B811-CC0EFB8B5E5E}.Debug|Any CPU.Build.0 = Debug|Any CPU
		{DE383941-8A1B-47D3-B811-CC0EFB8B5E5E}.Release|Any CPU.ActiveCfg = Release|Any CPU
		{DE383941-8A1B-47D3-B811-CC0EFB8B5E5E}.Release|Any CPU.Build.0 = Release|Any CPU
		{A9363481-4CA6-49B7-927C-AC4EC5376A2E}.Debug|Any CPU.ActiveCfg = Debug|Any CPU
		{A9363481-4CA6-49B7-927C-AC4EC5376A2E}.Debug|Any CPU.Build.0 = Debug|Any CPU
		{A9363481-4CA6-49B7-927C-AC4EC5376A2E}.Release|Any CPU.ActiveCfg = Release|Any CPU
		{A9363481-4CA6-49B7-927C-AC4EC5376A2E}.Release|Any CPU.Build.0 = Release|Any CPU
		{5A1AE447-A98C-43E4-AE12-37E73639AD2F}.Debug|Any CPU.ActiveCfg = Debug|Any CPU
		{5A1AE447-A98C-43E4-AE12-37E73639AD2F}.Debug|Any CPU.Build.0 = Debug|Any CPU
		{5A1AE447-A98C-43E4-AE12-37E73639AD2F}.Release|Any CPU.ActiveCfg = Release|Any CPU
		{5A1AE447-A98C-43E4-AE12-37E73639AD2F}.Release|Any CPU.Build.0 = Release|Any CPU
		{DB55A802-304A-4F51-8998-319CA665AF04}.Debug|Any CPU.ActiveCfg = Debug|Any CPU
		{DB55A802-304A-4F51-8998-319CA665AF04}.Debug|Any CPU.Build.0 = Debug|Any CPU
		{DB55A802-304A-4F51-8998-319CA665AF04}.Release|Any CPU.ActiveCfg = Release|Any CPU
		{DB55A802-304A-4F51-8998-319CA665AF04}.Release|Any CPU.Build.0 = Release|Any CPU
		{91CEB3C4-A5C1-49BC-ABA7-29A929C05389}.Debug|Any CPU.ActiveCfg = Debug|Any CPU
		{91CEB3C4-A5C1-49BC-ABA7-29A929C05389}.Debug|Any CPU.Build.0 = Debug|Any CPU
		{91CEB3C4-A5C1-49BC-ABA7-29A929C05389}.Release|Any CPU.ActiveCfg = Release|Any CPU
		{91CEB3C4-A5C1-49BC-ABA7-29A929C05389}.Release|Any CPU.Build.0 = Release|Any CPU
		{664DAD8D-14E2-426A-B811-C5F3B45C1BBA}.Debug|Any CPU.ActiveCfg = Debug|Any CPU
		{664DAD8D-14E2-426A-B811-C5F3B45C1BBA}.Debug|Any CPU.Build.0 = Debug|Any CPU
		{664DAD8D-14E2-426A-B811-C5F3B45C1BBA}.Release|Any CPU.ActiveCfg = Release|Any CPU
		{664DAD8D-14E2-426A-B811-C5F3B45C1BBA}.Release|Any CPU.Build.0 = Release|Any CPU
		{D49B03E1-0083-48AB-97E3-B98923DC2D99}.Debug|Any CPU.ActiveCfg = Debug|Any CPU
		{D49B03E1-0083-48AB-97E3-B98923DC2D99}.Debug|Any CPU.Build.0 = Debug|Any CPU
		{D49B03E1-0083-48AB-97E3-B98923DC2D99}.Release|Any CPU.ActiveCfg = Release|Any CPU
		{D49B03E1-0083-48AB-97E3-B98923DC2D99}.Release|Any CPU.Build.0 = Release|Any CPU
		{CDE1082B-5ADB-4930-B171-36EB546FF933}.Debug|Any CPU.ActiveCfg = Debug|Any CPU
		{CDE1082B-5ADB-4930-B171-36EB546FF933}.Debug|Any CPU.Build.0 = Debug|Any CPU
		{CDE1082B-5ADB-4930-B171-36EB546FF933}.Release|Any CPU.ActiveCfg = Release|Any CPU
		{CDE1082B-5ADB-4930-B171-36EB546FF933}.Release|Any CPU.Build.0 = Release|Any CPU
		{B52B7F3F-C113-4BD9-A418-6F9F245A8258}.Debug|Any CPU.ActiveCfg = Debug|Any CPU
		{B52B7F3F-C113-4BD9-A418-6F9F245A8258}.Debug|Any CPU.Build.0 = Debug|Any CPU
		{B52B7F3F-C113-4BD9-A418-6F9F245A8258}.Release|Any CPU.ActiveCfg = Release|Any CPU
		{B52B7F3F-C113-4BD9-A418-6F9F245A8258}.Release|Any CPU.Build.0 = Release|Any CPU
		{5F474523-2620-4040-B09A-EE0D15A64339}.Debug|Any CPU.ActiveCfg = Debug|Any CPU
		{5F474523-2620-4040-B09A-EE0D15A64339}.Debug|Any CPU.Build.0 = Debug|Any CPU
		{5F474523-2620-4040-B09A-EE0D15A64339}.Release|Any CPU.ActiveCfg = Release|Any CPU
		{5F474523-2620-4040-B09A-EE0D15A64339}.Release|Any CPU.Build.0 = Release|Any CPU
		{A1B425F0-6A74-46AD-B0BB-16A8B6CC00A3}.Debug|Any CPU.ActiveCfg = Debug|Any CPU
		{A1B425F0-6A74-46AD-B0BB-16A8B6CC00A3}.Debug|Any CPU.Build.0 = Debug|Any CPU
		{A1B425F0-6A74-46AD-B0BB-16A8B6CC00A3}.Release|Any CPU.ActiveCfg = Release|Any CPU
		{A1B425F0-6A74-46AD-B0BB-16A8B6CC00A3}.Release|Any CPU.Build.0 = Release|Any CPU
		{01764C18-EED3-4BFA-8E34-5EA9C30C2D44}.Debug|Any CPU.ActiveCfg = Debug|Any CPU
		{01764C18-EED3-4BFA-8E34-5EA9C30C2D44}.Debug|Any CPU.Build.0 = Debug|Any CPU
		{01764C18-EED3-4BFA-8E34-5EA9C30C2D44}.Release|Any CPU.ActiveCfg = Release|Any CPU
		{01764C18-EED3-4BFA-8E34-5EA9C30C2D44}.Release|Any CPU.Build.0 = Release|Any CPU
		{90AAF6BC-0011-4EBF-B684-F3B7BDED2586}.Debug|Any CPU.ActiveCfg = Debug|Any CPU
		{90AAF6BC-0011-4EBF-B684-F3B7BDED2586}.Debug|Any CPU.Build.0 = Debug|Any CPU
		{90AAF6BC-0011-4EBF-B684-F3B7BDED2586}.Release|Any CPU.ActiveCfg = Release|Any CPU
		{90AAF6BC-0011-4EBF-B684-F3B7BDED2586}.Release|Any CPU.Build.0 = Release|Any CPU
		{573E0185-10BA-4456-BF4B-7CC88CA76BA5}.Debug|Any CPU.ActiveCfg = Debug|Any CPU
		{573E0185-10BA-4456-BF4B-7CC88CA76BA5}.Debug|Any CPU.Build.0 = Debug|Any CPU
		{573E0185-10BA-4456-BF4B-7CC88CA76BA5}.Release|Any CPU.ActiveCfg = Release|Any CPU
		{573E0185-10BA-4456-BF4B-7CC88CA76BA5}.Release|Any CPU.Build.0 = Release|Any CPU
		{C7D3A921-9E7F-453D-B456-A3FEA8F94FE3}.Debug|Any CPU.ActiveCfg = Debug|Any CPU
		{C7D3A921-9E7F-453D-B456-A3FEA8F94FE3}.Debug|Any CPU.Build.0 = Debug|Any CPU
		{C7D3A921-9E7F-453D-B456-A3FEA8F94FE3}.Release|Any CPU.ActiveCfg = Release|Any CPU
		{C7D3A921-9E7F-453D-B456-A3FEA8F94FE3}.Release|Any CPU.Build.0 = Release|Any CPU
		{0589F16C-18F2-4115-B6A9-F43285AF7490}.Debug|Any CPU.ActiveCfg = Debug|Any CPU
		{0589F16C-18F2-4115-B6A9-F43285AF7490}.Debug|Any CPU.Build.0 = Debug|Any CPU
		{0589F16C-18F2-4115-B6A9-F43285AF7490}.Release|Any CPU.ActiveCfg = Release|Any CPU
		{0589F16C-18F2-4115-B6A9-F43285AF7490}.Release|Any CPU.Build.0 = Release|Any CPU
		{2F300CFC-CFAC-422A-8406-E47113942C06}.Debug|Any CPU.ActiveCfg = Debug|Any CPU
		{2F300CFC-CFAC-422A-8406-E47113942C06}.Debug|Any CPU.Build.0 = Debug|Any CPU
		{2F300CFC-CFAC-422A-8406-E47113942C06}.Release|Any CPU.ActiveCfg = Release|Any CPU
		{2F300CFC-CFAC-422A-8406-E47113942C06}.Release|Any CPU.Build.0 = Release|Any CPU
		{9CA51447-FAFA-4686-9F90-CD421941AE76}.Debug|Any CPU.ActiveCfg = Debug|Any CPU
		{9CA51447-FAFA-4686-9F90-CD421941AE76}.Debug|Any CPU.Build.0 = Debug|Any CPU
		{9CA51447-FAFA-4686-9F90-CD421941AE76}.Release|Any CPU.ActiveCfg = Release|Any CPU
		{9CA51447-FAFA-4686-9F90-CD421941AE76}.Release|Any CPU.Build.0 = Release|Any CPU
		{AD5EB384-63BA-4F9E-B26F-B4480EA4EB34}.Debug|Any CPU.ActiveCfg = Debug|Any CPU
		{AD5EB384-63BA-4F9E-B26F-B4480EA4EB34}.Debug|Any CPU.Build.0 = Debug|Any CPU
		{AD5EB384-63BA-4F9E-B26F-B4480EA4EB34}.Release|Any CPU.ActiveCfg = Release|Any CPU
		{AD5EB384-63BA-4F9E-B26F-B4480EA4EB34}.Release|Any CPU.Build.0 = Release|Any CPU
		{4A537FBF-E524-4888-8682-BF6B2335F516}.Debug|Any CPU.ActiveCfg = Debug|Any CPU
		{4A537FBF-E524-4888-8682-BF6B2335F516}.Debug|Any CPU.Build.0 = Debug|Any CPU
		{4A537FBF-E524-4888-8682-BF6B2335F516}.Release|Any CPU.ActiveCfg = Release|Any CPU
		{4A537FBF-E524-4888-8682-BF6B2335F516}.Release|Any CPU.Build.0 = Release|Any CPU
		{24F73431-7AB2-4DAF-A9CE-3C4D5DA57199}.Debug|Any CPU.ActiveCfg = Debug|Any CPU
		{24F73431-7AB2-4DAF-A9CE-3C4D5DA57199}.Debug|Any CPU.Build.0 = Debug|Any CPU
		{24F73431-7AB2-4DAF-A9CE-3C4D5DA57199}.Release|Any CPU.ActiveCfg = Release|Any CPU
		{24F73431-7AB2-4DAF-A9CE-3C4D5DA57199}.Release|Any CPU.Build.0 = Release|Any CPU
		{65877E3F-3515-4D6D-843E-BBFAC23315BD}.Debug|Any CPU.ActiveCfg = Debug|Any CPU
		{65877E3F-3515-4D6D-843E-BBFAC23315BD}.Debug|Any CPU.Build.0 = Debug|Any CPU
		{65877E3F-3515-4D6D-843E-BBFAC23315BD}.Release|Any CPU.ActiveCfg = Release|Any CPU
		{65877E3F-3515-4D6D-843E-BBFAC23315BD}.Release|Any CPU.Build.0 = Release|Any CPU
		{8A71DECB-E79C-4E47-996E-4D27F8F3F00B}.Debug|Any CPU.ActiveCfg = Debug|Any CPU
		{8A71DECB-E79C-4E47-996E-4D27F8F3F00B}.Debug|Any CPU.Build.0 = Debug|Any CPU
		{8A71DECB-E79C-4E47-996E-4D27F8F3F00B}.Release|Any CPU.ActiveCfg = Release|Any CPU
		{8A71DECB-E79C-4E47-996E-4D27F8F3F00B}.Release|Any CPU.Build.0 = Release|Any CPU
		{3717300D-961E-4672-872A-6A39B3241364}.Debug|Any CPU.ActiveCfg = Debug|Any CPU
		{3717300D-961E-4672-872A-6A39B3241364}.Debug|Any CPU.Build.0 = Debug|Any CPU
		{3717300D-961E-4672-872A-6A39B3241364}.Release|Any CPU.ActiveCfg = Release|Any CPU
		{3717300D-961E-4672-872A-6A39B3241364}.Release|Any CPU.Build.0 = Release|Any CPU
		{22343B3A-A681-4F7F-A3FB-0AC2CB4B3196}.Debug|Any CPU.ActiveCfg = Debug|Any CPU
		{22343B3A-A681-4F7F-A3FB-0AC2CB4B3196}.Debug|Any CPU.Build.0 = Debug|Any CPU
		{22343B3A-A681-4F7F-A3FB-0AC2CB4B3196}.Release|Any CPU.ActiveCfg = Release|Any CPU
		{22343B3A-A681-4F7F-A3FB-0AC2CB4B3196}.Release|Any CPU.Build.0 = Release|Any CPU
		{EB22EEB1-1BAF-4932-AE02-A36AC747F5DF}.Debug|Any CPU.ActiveCfg = Debug|Any CPU
		{EB22EEB1-1BAF-4932-AE02-A36AC747F5DF}.Debug|Any CPU.Build.0 = Debug|Any CPU
		{EB22EEB1-1BAF-4932-AE02-A36AC747F5DF}.Release|Any CPU.ActiveCfg = Release|Any CPU
		{EB22EEB1-1BAF-4932-AE02-A36AC747F5DF}.Release|Any CPU.Build.0 = Release|Any CPU
		{A65AD4D0-2669-4176-9755-D00E86722321}.Debug|Any CPU.ActiveCfg = Debug|Any CPU
		{A65AD4D0-2669-4176-9755-D00E86722321}.Debug|Any CPU.Build.0 = Debug|Any CPU
		{A65AD4D0-2669-4176-9755-D00E86722321}.Release|Any CPU.ActiveCfg = Release|Any CPU
		{A65AD4D0-2669-4176-9755-D00E86722321}.Release|Any CPU.Build.0 = Release|Any CPU
		{A06DF8A8-99EF-46F9-A63C-7146BBF5500F}.Debug|Any CPU.ActiveCfg = Debug|Any CPU
		{A06DF8A8-99EF-46F9-A63C-7146BBF5500F}.Debug|Any CPU.Build.0 = Debug|Any CPU
		{A06DF8A8-99EF-46F9-A63C-7146BBF5500F}.Release|Any CPU.ActiveCfg = Release|Any CPU
		{A06DF8A8-99EF-46F9-A63C-7146BBF5500F}.Release|Any CPU.Build.0 = Release|Any CPU
		{06ACC662-E2D4-4C20-8202-F8B68F4A5240}.Debug|Any CPU.ActiveCfg = Debug|Any CPU
		{06ACC662-E2D4-4C20-8202-F8B68F4A5240}.Debug|Any CPU.Build.0 = Debug|Any CPU
		{06ACC662-E2D4-4C20-8202-F8B68F4A5240}.Release|Any CPU.ActiveCfg = Release|Any CPU
		{06ACC662-E2D4-4C20-8202-F8B68F4A5240}.Release|Any CPU.Build.0 = Release|Any CPU
		{BC28E993-9FF0-4AB1-9CC7-E05881F3868C}.Debug|Any CPU.ActiveCfg = Debug|Any CPU
		{BC28E993-9FF0-4AB1-9CC7-E05881F3868C}.Debug|Any CPU.Build.0 = Debug|Any CPU
		{BC28E993-9FF0-4AB1-9CC7-E05881F3868C}.Release|Any CPU.ActiveCfg = Release|Any CPU
		{BC28E993-9FF0-4AB1-9CC7-E05881F3868C}.Release|Any CPU.Build.0 = Release|Any CPU
	EndGlobalSection
	GlobalSection(SolutionProperties) = preSolution
		HideSolutionNode = FALSE
	EndGlobalSection
	GlobalSection(NestedProjects) = preSolution
		{A9363481-4CA6-49B7-927C-AC4EC5376A2E} = {719DCB8F-16BD-4181-82DD-4F3AD1DFBFC5}
		{5A1AE447-A98C-43E4-AE12-37E73639AD2F} = {719DCB8F-16BD-4181-82DD-4F3AD1DFBFC5}
	EndGlobalSection
	GlobalSection(ExtensibilityGlobals) = postSolution
		SolutionGuid = {7A75E3E3-210F-4BB0-923B-5F79B4B661AF}
	EndGlobalSection
EndGlobal
